
Microsoft Visual Studio Solution File, Format Version 12.00
# Visual Studio Version 17
VisualStudioVersion = 17.4.33122.133
MinimumVisualStudioVersion = 10.0.40219.1
Project("{FAE04EC0-301F-11D3-BF4B-00C04F79EFBC}") = "Janavi-Web", "Janavi-Web\Janavi-Web.csproj", "{923733FA-6A31-4529-B68F-E8C76BD248C7}"
EndProject
Global
	GlobalSection(SolutionConfigurationPlatforms) = preSolution
		Debug|Any CPU = Debug|Any CPU
		Release|Any CPU = Release|Any CPU
	EndGlobalSection
	GlobalSection(ProjectConfigurationPlatforms) = postSolution
		{923733FA-6A31-4529-B68F-E8C76BD248C7}.Debug|Any CPU.ActiveCfg = Debug|Any CPU
		{923733FA-6A31-4529-B68F-E8C76BD248C7}.Debug|Any CPU.Build.0 = Debug|Any CPU
		{923733FA-6A31-4529-B68F-E8C76BD248C7}.Release|Any CPU.ActiveCfg = Release|Any CPU
		{923733FA-6A31-4529-B68F-E8C76BD248C7}.Release|Any CPU.Build.0 = Release|Any CPU
	EndGlobalSection
	GlobalSection(SolutionProperties) = preSolution
		HideSolutionNode = FALSE
	EndGlobalSection
	GlobalSection(ExtensibilityGlobals) = postSolution
		SolutionGuid = {392F728F-326C-4B00-9AB8-93F0EF9598FB}
	EndGlobalSection
EndGlobal
